// !$*UTF8*$!
{
	archiveVersion = 1;
	classes = {
	};
	objectVersion = 56;
	objects = {

/* Begin PBXBuildFile section */
		DCF41CAD29E0AB3300D3264F /* Autoscout24_TaskApp.swift in Sources */ = {isa = PBXBuildFile; fileRef = DCF41CAC29E0AB3300D3264F /* Autoscout24_TaskApp.swift */; };
		DCF41CAF29E0AB3300D3264F /* UsedCarsListView.swift in Sources */ = {isa = PBXBuildFile; fileRef = DCF41CAE29E0AB3300D3264F /* UsedCarsListView.swift */; };
		DCF41CB129E0AB3400D3264F /* Assets.xcassets in Resources */ = {isa = PBXBuildFile; fileRef = DCF41CB029E0AB3400D3264F /* Assets.xcassets */; };
		DCF41CB429E0AB3400D3264F /* Preview Assets.xcassets in Resources */ = {isa = PBXBuildFile; fileRef = DCF41CB329E0AB3400D3264F /* Preview Assets.xcassets */; };
		DCF852D329E377E70006E12A /* APIServiceContract.swift in Sources */ = {isa = PBXBuildFile; fileRef = DCF852D229E377E70006E12A /* APIServiceContract.swift */; };
		DCF852D529E379060006E12A /* APIService.swift in Sources */ = {isa = PBXBuildFile; fileRef = DCF852D429E379060006E12A /* APIService.swift */; };
		DCF852DA29E37ACF0006E12A /* APIConstants.swift in Sources */ = {isa = PBXBuildFile; fileRef = DCF852D929E37ACF0006E12A /* APIConstants.swift */; };
		DCF852DC29E37B4E0006E12A /* APIRequestBuilder.swift in Sources */ = {isa = PBXBuildFile; fileRef = DCF852DB29E37B4E0006E12A /* APIRequestBuilder.swift */; };
		DCF852E929E37F1A0006E12A /* UsedCarModel.swift in Sources */ = {isa = PBXBuildFile; fileRef = DCF852E829E37F1A0006E12A /* UsedCarModel.swift */; };
		DCF852ED29E380060006E12A /* UsedCarsService.swift in Sources */ = {isa = PBXBuildFile; fileRef = DCF852EC29E380060006E12A /* UsedCarsService.swift */; };
		DCF852F229E380A20006E12A /* UsedCarsServiceContract.swift in Sources */ = {isa = PBXBuildFile; fileRef = DCF852F129E380A20006E12A /* UsedCarsServiceContract.swift */; };
		DCF852F429E381830006E12A /* UsedCarsRepository.swift in Sources */ = {isa = PBXBuildFile; fileRef = DCF852F329E381830006E12A /* UsedCarsRepository.swift */; };
		DCF852F629E381A20006E12A /* UsedCarsRepositoryContract.swift in Sources */ = {isa = PBXBuildFile; fileRef = DCF852F529E381A20006E12A /* UsedCarsRepositoryContract.swift */; };
		DCF852F929E3823E0006E12A /* UsedCarsListUseCase.swift in Sources */ = {isa = PBXBuildFile; fileRef = DCF852F829E3823E0006E12A /* UsedCarsListUseCase.swift */; };
		DCF852FB29E382550006E12A /* UsedCarsListUseCaseContract.swift in Sources */ = {isa = PBXBuildFile; fileRef = DCF852FA29E382550006E12A /* UsedCarsListUseCaseContract.swift */; };
		DCF852FF29E3832F0006E12A /* BaseViewModel.swift in Sources */ = {isa = PBXBuildFile; fileRef = DCF852FE29E3832F0006E12A /* BaseViewModel.swift */; };
		DCF8530229E3834C0006E12A /* DisposableObject.swift in Sources */ = {isa = PBXBuildFile; fileRef = DCF8530129E3834C0006E12A /* DisposableObject.swift */; };
		DCF8530629E383700006E12A /* ViewModelState.swift in Sources */ = {isa = PBXBuildFile; fileRef = DCF8530529E383700006E12A /* ViewModelState.swift */; };
		DCF8530829E383A60006E12A /* UsedCarsListViewModel.swift in Sources */ = {isa = PBXBuildFile; fileRef = DCF8530729E383A60006E12A /* UsedCarsListViewModel.swift */; };
		DCF8530B29E385FF0006E12A /* CarRowView.swift in Sources */ = {isa = PBXBuildFile; fileRef = DCF8530A29E385FF0006E12A /* CarRowView.swift */; };
		DCF8530F29E38AAC0006E12A /* UsedCarRepresentable.swift in Sources */ = {isa = PBXBuildFile; fileRef = DCF8530E29E38AAC0006E12A /* UsedCarRepresentable.swift */; };
		DCF8531129E38B770006E12A /* CarSellerModel.swift in Sources */ = {isa = PBXBuildFile; fileRef = DCF8531029E38B770006E12A /* CarSellerModel.swift */; };
		DCF8531329E38BB10006E12A /* FuelType.swift in Sources */ = {isa = PBXBuildFile; fileRef = DCF8531229E38BB00006E12A /* FuelType.swift */; };
		DCF8531629E3972C0006E12A /* View+Helpers.swift in Sources */ = {isa = PBXBuildFile; fileRef = DCF8531529E3972C0006E12A /* View+Helpers.swift */; };
		DCF8531A29E3B6E40006E12A /* BaseView.swift in Sources */ = {isa = PBXBuildFile; fileRef = DCF8531929E3B6E40006E12A /* BaseView.swift */; };
/* End PBXBuildFile section */

/* Begin PBXFileReference section */
		DCF41CA929E0AB3300D3264F /* Autoscout24-Task.app */ = {isa = PBXFileReference; explicitFileType = wrapper.application; includeInIndex = 0; path = "Autoscout24-Task.app"; sourceTree = BUILT_PRODUCTS_DIR; };
		DCF41CAC29E0AB3300D3264F /* Autoscout24_TaskApp.swift */ = {isa = PBXFileReference; lastKnownFileType = sourcecode.swift; path = Autoscout24_TaskApp.swift; sourceTree = "<group>"; };
		DCF41CAE29E0AB3300D3264F /* UsedCarsListView.swift */ = {isa = PBXFileReference; lastKnownFileType = sourcecode.swift; path = UsedCarsListView.swift; sourceTree = "<group>"; };
		DCF41CB029E0AB3400D3264F /* Assets.xcassets */ = {isa = PBXFileReference; lastKnownFileType = folder.assetcatalog; path = Assets.xcassets; sourceTree = "<group>"; };
		DCF41CB329E0AB3400D3264F /* Preview Assets.xcassets */ = {isa = PBXFileReference; lastKnownFileType = folder.assetcatalog; path = "Preview Assets.xcassets"; sourceTree = "<group>"; };
		DCF852D229E377E70006E12A /* APIServiceContract.swift */ = {isa = PBXFileReference; lastKnownFileType = sourcecode.swift; path = APIServiceContract.swift; sourceTree = "<group>"; };
		DCF852D429E379060006E12A /* APIService.swift */ = {isa = PBXFileReference; lastKnownFileType = sourcecode.swift; path = APIService.swift; sourceTree = "<group>"; };
		DCF852D929E37ACF0006E12A /* APIConstants.swift */ = {isa = PBXFileReference; lastKnownFileType = sourcecode.swift; path = APIConstants.swift; sourceTree = "<group>"; };
		DCF852DB29E37B4E0006E12A /* APIRequestBuilder.swift */ = {isa = PBXFileReference; lastKnownFileType = sourcecode.swift; path = APIRequestBuilder.swift; sourceTree = "<group>"; };
		DCF852E829E37F1A0006E12A /* UsedCarModel.swift */ = {isa = PBXFileReference; lastKnownFileType = sourcecode.swift; path = UsedCarModel.swift; sourceTree = "<group>"; };
		DCF852EC29E380060006E12A /* UsedCarsService.swift */ = {isa = PBXFileReference; lastKnownFileType = sourcecode.swift; path = UsedCarsService.swift; sourceTree = "<group>"; };
		DCF852F129E380A20006E12A /* UsedCarsServiceContract.swift */ = {isa = PBXFileReference; lastKnownFileType = sourcecode.swift; path = UsedCarsServiceContract.swift; sourceTree = "<group>"; };
		DCF852F329E381830006E12A /* UsedCarsRepository.swift */ = {isa = PBXFileReference; lastKnownFileType = sourcecode.swift; path = UsedCarsRepository.swift; sourceTree = "<group>"; };
		DCF852F529E381A20006E12A /* UsedCarsRepositoryContract.swift */ = {isa = PBXFileReference; lastKnownFileType = sourcecode.swift; path = UsedCarsRepositoryContract.swift; sourceTree = "<group>"; };
		DCF852F829E3823E0006E12A /* UsedCarsListUseCase.swift */ = {isa = PBXFileReference; lastKnownFileType = sourcecode.swift; path = UsedCarsListUseCase.swift; sourceTree = "<group>"; };
		DCF852FA29E382550006E12A /* UsedCarsListUseCaseContract.swift */ = {isa = PBXFileReference; lastKnownFileType = sourcecode.swift; path = UsedCarsListUseCaseContract.swift; sourceTree = "<group>"; };
		DCF852FE29E3832F0006E12A /* BaseViewModel.swift */ = {isa = PBXFileReference; lastKnownFileType = sourcecode.swift; path = BaseViewModel.swift; sourceTree = "<group>"; };
		DCF8530129E3834C0006E12A /* DisposableObject.swift */ = {isa = PBXFileReference; lastKnownFileType = sourcecode.swift; path = DisposableObject.swift; sourceTree = "<group>"; };
		DCF8530529E383700006E12A /* ViewModelState.swift */ = {isa = PBXFileReference; lastKnownFileType = sourcecode.swift; path = ViewModelState.swift; sourceTree = "<group>"; };
		DCF8530729E383A60006E12A /* UsedCarsListViewModel.swift */ = {isa = PBXFileReference; lastKnownFileType = sourcecode.swift; path = UsedCarsListViewModel.swift; sourceTree = "<group>"; };
		DCF8530A29E385FF0006E12A /* CarRowView.swift */ = {isa = PBXFileReference; lastKnownFileType = sourcecode.swift; path = CarRowView.swift; sourceTree = "<group>"; };
		DCF8530C29E3897A0006E12A /* Info.plist */ = {isa = PBXFileReference; lastKnownFileType = text.plist; path = Info.plist; sourceTree = "<group>"; };
		DCF8530E29E38AAC0006E12A /* UsedCarRepresentable.swift */ = {isa = PBXFileReference; lastKnownFileType = sourcecode.swift; path = UsedCarRepresentable.swift; sourceTree = "<group>"; };
		DCF8531029E38B770006E12A /* CarSellerModel.swift */ = {isa = PBXFileReference; lastKnownFileType = sourcecode.swift; path = CarSellerModel.swift; sourceTree = "<group>"; };
		DCF8531229E38BB00006E12A /* FuelType.swift */ = {isa = PBXFileReference; lastKnownFileType = sourcecode.swift; path = FuelType.swift; sourceTree = "<group>"; };
		DCF8531529E3972C0006E12A /* View+Helpers.swift */ = {isa = PBXFileReference; lastKnownFileType = sourcecode.swift; path = "View+Helpers.swift"; sourceTree = "<group>"; };
		DCF8531929E3B6E40006E12A /* BaseView.swift */ = {isa = PBXFileReference; lastKnownFileType = sourcecode.swift; path = BaseView.swift; sourceTree = "<group>"; };
/* End PBXFileReference section */

/* Begin PBXFrameworksBuildPhase section */
		DCF41CA629E0AB3300D3264F /* Frameworks */ = {
			isa = PBXFrameworksBuildPhase;
			buildActionMask = 2147483647;
			files = (
			);
			runOnlyForDeploymentPostprocessing = 0;
		};
/* End PBXFrameworksBuildPhase section */

/* Begin PBXGroup section */
		DCF41CA029E0AB3300D3264F = {
			isa = PBXGroup;
			children = (
				DCF41CAB29E0AB3300D3264F /* Autoscout24-Task */,
				DCF41CAA29E0AB3300D3264F /* Products */,
			);
			sourceTree = "<group>";
		};
		DCF41CAA29E0AB3300D3264F /* Products */ = {
			isa = PBXGroup;
			children = (
				DCF41CA929E0AB3300D3264F /* Autoscout24-Task.app */,
			);
			name = Products;
			sourceTree = "<group>";
		};
		DCF41CAB29E0AB3300D3264F /* Autoscout24-Task */ = {
			isa = PBXGroup;
			children = (
				DCF852DE29E37E790006E12A /* Scenes */,
				DCF8530929E383DF0006E12A /* Resources */,
				DCF852DD29E37E6E0006E12A /* Application */,
				DCF852D029E377C20006E12A /* Utilities */,
				DCF8530C29E3897A0006E12A /* Info.plist */,
				DCF41CB229E0AB3400D3264F /* Preview Content */,
			);
			path = "Autoscout24-Task";
			sourceTree = "<group>";
		};
		DCF41CB229E0AB3400D3264F /* Preview Content */ = {
			isa = PBXGroup;
			children = (
				DCF41CB329E0AB3400D3264F /* Preview Assets.xcassets */,
			);
			path = "Preview Content";
			sourceTree = "<group>";
		};
		DCF852D029E377C20006E12A /* Utilities */ = {
			isa = PBXGroup;
			children = (
				DCF8530329E3835B0006E12A /* Helpers */,
				DCF8530029E3833C0006E12A /* DisoseObject */,
				DCF852FD29E383270006E12A /* Bases */,
				DCF852D829E37AC10006E12A /* Constants */,
				DCF852D129E377C90006E12A /* Network */,
			);
			path = Utilities;
			sourceTree = "<group>";
		};
		DCF852D129E377C90006E12A /* Network */ = {
			isa = PBXGroup;
			children = (
				DCF852D729E37AB20006E12A /* Builder */,
				DCF852D629E37AA80006E12A /* Service */,
			);
			path = Network;
			sourceTree = "<group>";
		};
		DCF852D629E37AA80006E12A /* Service */ = {
			isa = PBXGroup;
			children = (
				DCF852D229E377E70006E12A /* APIServiceContract.swift */,
				DCF852D429E379060006E12A /* APIService.swift */,
			);
			path = Service;
			sourceTree = "<group>";
		};
		DCF852D729E37AB20006E12A /* Builder */ = {
			isa = PBXGroup;
			children = (
				DCF852DB29E37B4E0006E12A /* APIRequestBuilder.swift */,
			);
			path = Builder;
			sourceTree = "<group>";
		};
		DCF852D829E37AC10006E12A /* Constants */ = {
			isa = PBXGroup;
			children = (
				DCF852D929E37ACF0006E12A /* APIConstants.swift */,
			);
			path = Constants;
			sourceTree = "<group>";
		};
		DCF852DD29E37E6E0006E12A /* Application */ = {
			isa = PBXGroup;
			children = (
				DCF41CAC29E0AB3300D3264F /* Autoscout24_TaskApp.swift */,
			);
			path = Application;
			sourceTree = "<group>";
		};
		DCF852DE29E37E790006E12A /* Scenes */ = {
			isa = PBXGroup;
			children = (
				DCF852DF29E37E9F0006E12A /* UsedCarsList */,
			);
			path = Scenes;
			sourceTree = "<group>";
		};
		DCF852DF29E37E9F0006E12A /* UsedCarsList */ = {
			isa = PBXGroup;
			children = (
				DCF852E129E37EB00006E12A /* Data */,
				DCF852E229E37EB60006E12A /* Domain */,
				DCF852E029E37EA90006E12A /* Presentation */,
			);
			path = UsedCarsList;
			sourceTree = "<group>";
		};
		DCF852E029E37EA90006E12A /* Presentation */ = {
			isa = PBXGroup;
			children = (
				DCF8530D29E38A8F0006E12A /* Representables */,
				DCF852E429E37EC60006E12A /* ViewModel */,
				DCF852E329E37EC10006E12A /* View */,
			);
			path = Presentation;
			sourceTree = "<group>";
		};
		DCF852E129E37EB00006E12A /* Data */ = {
			isa = PBXGroup;
			children = (
				DCF852EB29E37FF80006E12A /* Service */,
				DCF852EA29E37FF20006E12A /* Repository */,
			);
			path = Data;
			sourceTree = "<group>";
		};
		DCF852E229E37EB60006E12A /* Domain */ = {
			isa = PBXGroup;
			children = (
				DCF852E729E37EFC0006E12A /* UseCases */,
				DCF852E629E37EF40006E12A /* Interfaces */,
				DCF852E529E37EE70006E12A /* Entities */,
			);
			path = Domain;
			sourceTree = "<group>";
		};
		DCF852E329E37EC10006E12A /* View */ = {
			isa = PBXGroup;
			children = (
				DCF41CAE29E0AB3300D3264F /* UsedCarsListView.swift */,
				DCF8530A29E385FF0006E12A /* CarRowView.swift */,
			);
			path = View;
			sourceTree = "<group>";
		};
		DCF852E429E37EC60006E12A /* ViewModel */ = {
			isa = PBXGroup;
			children = (
				DCF8530729E383A60006E12A /* UsedCarsListViewModel.swift */,
			);
			path = ViewModel;
			sourceTree = "<group>";
		};
		DCF852E529E37EE70006E12A /* Entities */ = {
			isa = PBXGroup;
			children = (
				DCF852E829E37F1A0006E12A /* UsedCarModel.swift */,
				DCF8531029E38B770006E12A /* CarSellerModel.swift */,
				DCF8531229E38BB00006E12A /* FuelType.swift */,
			);
			path = Entities;
			sourceTree = "<group>";
		};
		DCF852E629E37EF40006E12A /* Interfaces */ = {
			isa = PBXGroup;
			children = (
				DCF852F029E3808E0006E12A /* UseCases */,
				DCF852EF29E380820006E12A /* Repository */,
				DCF852EE29E3801A0006E12A /* Service */,
			);
			path = Interfaces;
			sourceTree = "<group>";
		};
		DCF852E729E37EFC0006E12A /* UseCases */ = {
			isa = PBXGroup;
			children = (
				DCF852F829E3823E0006E12A /* UsedCarsListUseCase.swift */,
			);
			path = UseCases;
			sourceTree = "<group>";
		};
		DCF852EA29E37FF20006E12A /* Repository */ = {
			isa = PBXGroup;
			children = (
				DCF852F329E381830006E12A /* UsedCarsRepository.swift */,
			);
			path = Repository;
			sourceTree = "<group>";
		};
		DCF852EB29E37FF80006E12A /* Service */ = {
			isa = PBXGroup;
			children = (
				DCF852EC29E380060006E12A /* UsedCarsService.swift */,
			);
			path = Service;
			sourceTree = "<group>";
		};
		DCF852EE29E3801A0006E12A /* Service */ = {
			isa = PBXGroup;
			children = (
				DCF852F129E380A20006E12A /* UsedCarsServiceContract.swift */,
			);
			path = Service;
			sourceTree = "<group>";
		};
		DCF852EF29E380820006E12A /* Repository */ = {
			isa = PBXGroup;
			children = (
				DCF852F529E381A20006E12A /* UsedCarsRepositoryContract.swift */,
			);
			path = Repository;
			sourceTree = "<group>";
		};
		DCF852F029E3808E0006E12A /* UseCases */ = {
			isa = PBXGroup;
			children = (
				DCF852FA29E382550006E12A /* UsedCarsListUseCaseContract.swift */,
			);
			path = UseCases;
			sourceTree = "<group>";
		};
		DCF852FD29E383270006E12A /* Bases */ = {
			isa = PBXGroup;
			children = (
				DCF8531829E3B6DB0006E12A /* View */,
				DCF8531729E3B6C90006E12A /* ViewModel */,
			);
			path = Bases;
			sourceTree = "<group>";
		};
		DCF8530029E3833C0006E12A /* DisoseObject */ = {
			isa = PBXGroup;
			children = (
				DCF8530129E3834C0006E12A /* DisposableObject.swift */,
			);
			path = DisoseObject;
			sourceTree = "<group>";
		};
		DCF8530329E3835B0006E12A /* Helpers */ = {
			isa = PBXGroup;
			children = (
				DCF8531429E3971F0006E12A /* View+Helpers */,
				DCF8530429E383640006E12A /* ViewModelState */,
			);
			path = Helpers;
			sourceTree = "<group>";
		};
		DCF8530429E383640006E12A /* ViewModelState */ = {
			isa = PBXGroup;
			children = (
				DCF8530529E383700006E12A /* ViewModelState.swift */,
			);
			path = ViewModelState;
			sourceTree = "<group>";
		};
		DCF8530929E383DF0006E12A /* Resources */ = {
			isa = PBXGroup;
			children = (
				DCF41CB029E0AB3400D3264F /* Assets.xcassets */,
			);
			path = Resources;
			sourceTree = "<group>";
		};
		DCF8530D29E38A8F0006E12A /* Representables */ = {
			isa = PBXGroup;
			children = (
				DCF8530E29E38AAC0006E12A /* UsedCarRepresentable.swift */,
			);
			path = Representables;
			sourceTree = "<group>";
		};
		DCF8531429E3971F0006E12A /* View+Helpers */ = {
			isa = PBXGroup;
			children = (
				DCF8531529E3972C0006E12A /* View+Helpers.swift */,
			);
			path = "View+Helpers";
			sourceTree = "<group>";
		};
		DCF8531729E3B6C90006E12A /* ViewModel */ = {
			isa = PBXGroup;
			children = (
				DCF852FE29E3832F0006E12A /* BaseViewModel.swift */,
			);
			path = ViewModel;
			sourceTree = "<group>";
		};
		DCF8531829E3B6DB0006E12A /* View */ = {
			isa = PBXGroup;
			children = (
				DCF8531929E3B6E40006E12A /* BaseView.swift */,
			);
			path = View;
			sourceTree = "<group>";
		};
/* End PBXGroup section */

/* Begin PBXNativeTarget section */
		DCF41CA829E0AB3300D3264F /* Autoscout24-Task */ = {
			isa = PBXNativeTarget;
			buildConfigurationList = DCF41CB729E0AB3400D3264F /* Build configuration list for PBXNativeTarget "Autoscout24-Task" */;
			buildPhases = (
				DCF41CA529E0AB3300D3264F /* Sources */,
				DCF41CA629E0AB3300D3264F /* Frameworks */,
				DCF41CA729E0AB3300D3264F /* Resources */,
			);
			buildRules = (
			);
			dependencies = (
			);
			name = "Autoscout24-Task";
			productName = "Autoscout24-Task";
			productReference = DCF41CA929E0AB3300D3264F /* Autoscout24-Task.app */;
			productType = "com.apple.product-type.application";
		};
/* End PBXNativeTarget section */

/* Begin PBXProject section */
		DCF41CA129E0AB3300D3264F /* Project object */ = {
			isa = PBXProject;
			attributes = {
				BuildIndependentTargetsInParallel = 1;
				LastSwiftUpdateCheck = 1400;
				LastUpgradeCheck = 1400;
				TargetAttributes = {
					DCF41CA829E0AB3300D3264F = {
						CreatedOnToolsVersion = 14.0.1;
					};
				};
			};
			buildConfigurationList = DCF41CA429E0AB3300D3264F /* Build configuration list for PBXProject "Autoscout24-Task" */;
			compatibilityVersion = "Xcode 14.0";
			developmentRegion = en;
			hasScannedForEncodings = 0;
			knownRegions = (
				en,
				Base,
			);
			mainGroup = DCF41CA029E0AB3300D3264F;
			productRefGroup = DCF41CAA29E0AB3300D3264F /* Products */;
			projectDirPath = "";
			projectRoot = "";
			targets = (
				DCF41CA829E0AB3300D3264F /* Autoscout24-Task */,
			);
		};
/* End PBXProject section */

/* Begin PBXResourcesBuildPhase section */
		DCF41CA729E0AB3300D3264F /* Resources */ = {
			isa = PBXResourcesBuildPhase;
			buildActionMask = 2147483647;
			files = (
				DCF41CB429E0AB3400D3264F /* Preview Assets.xcassets in Resources */,
				DCF41CB129E0AB3400D3264F /* Assets.xcassets in Resources */,
			);
			runOnlyForDeploymentPostprocessing = 0;
		};
/* End PBXResourcesBuildPhase section */

/* Begin PBXSourcesBuildPhase section */
		DCF41CA529E0AB3300D3264F /* Sources */ = {
			isa = PBXSourcesBuildPhase;
			buildActionMask = 2147483647;
			files = (
				DCF41CAF29E0AB3300D3264F /* UsedCarsListView.swift in Sources */,
				DCF8531329E38BB10006E12A /* FuelType.swift in Sources */,
				DCF8530F29E38AAC0006E12A /* UsedCarRepresentable.swift in Sources */,
				DCF852F429E381830006E12A /* UsedCarsRepository.swift in Sources */,
				DCF852DA29E37ACF0006E12A /* APIConstants.swift in Sources */,
				DCF852FF29E3832F0006E12A /* BaseViewModel.swift in Sources */,
				DCF852D329E377E70006E12A /* APIServiceContract.swift in Sources */,
				DCF852ED29E380060006E12A /* UsedCarsService.swift in Sources */,
				DCF8531629E3972C0006E12A /* View+Helpers.swift in Sources */,
				DCF8530229E3834C0006E12A /* DisposableObject.swift in Sources */,
				DCF852D529E379060006E12A /* APIService.swift in Sources */,
				DCF8531129E38B770006E12A /* CarSellerModel.swift in Sources */,
				DCF852DC29E37B4E0006E12A /* APIRequestBuilder.swift in Sources */,
				DCF8530829E383A60006E12A /* UsedCarsListViewModel.swift in Sources */,
				DCF852F929E3823E0006E12A /* UsedCarsListUseCase.swift in Sources */,
				DCF852F629E381A20006E12A /* UsedCarsRepositoryContract.swift in Sources */,
				DCF8530B29E385FF0006E12A /* CarRowView.swift in Sources */,
				DCF852FB29E382550006E12A /* UsedCarsListUseCaseContract.swift in Sources */,
				DCF8530629E383700006E12A /* ViewModelState.swift in Sources */,
				DCF8531A29E3B6E40006E12A /* BaseView.swift in Sources */,
				DCF41CAD29E0AB3300D3264F /* Autoscout24_TaskApp.swift in Sources */,
				DCF852F229E380A20006E12A /* UsedCarsServiceContract.swift in Sources */,
				DCF852E929E37F1A0006E12A /* UsedCarModel.swift in Sources */,
			);
			runOnlyForDeploymentPostprocessing = 0;
		};
/* End PBXSourcesBuildPhase section */

/* Begin XCBuildConfiguration section */
		DCF41CB529E0AB3400D3264F /* Debug */ = {
			isa = XCBuildConfiguration;
			buildSettings = {
				ALWAYS_SEARCH_USER_PATHS = NO;
				CLANG_ANALYZER_NONNULL = YES;
				CLANG_ANALYZER_NUMBER_OBJECT_CONVERSION = YES_AGGRESSIVE;
				CLANG_CXX_LANGUAGE_STANDARD = "gnu++20";
				CLANG_ENABLE_MODULES = YES;
				CLANG_ENABLE_OBJC_ARC = YES;
				CLANG_ENABLE_OBJC_WEAK = YES;
				CLANG_WARN_BLOCK_CAPTURE_AUTORELEASING = YES;
				CLANG_WARN_BOOL_CONVERSION = YES;
				CLANG_WARN_COMMA = YES;
				CLANG_WARN_CONSTANT_CONVERSION = YES;
				CLANG_WARN_DEPRECATED_OBJC_IMPLEMENTATIONS = YES;
				CLANG_WARN_DIRECT_OBJC_ISA_USAGE = YES_ERROR;
				CLANG_WARN_DOCUMENTATION_COMMENTS = YES;
				CLANG_WARN_EMPTY_BODY = YES;
				CLANG_WARN_ENUM_CONVERSION = YES;
				CLANG_WARN_INFINITE_RECURSION = YES;
				CLANG_WARN_INT_CONVERSION = YES;
				CLANG_WARN_NON_LITERAL_NULL_CONVERSION = YES;
				CLANG_WARN_OBJC_IMPLICIT_RETAIN_SELF = YES;
				CLANG_WARN_OBJC_LITERAL_CONVERSION = YES;
				CLANG_WARN_OBJC_ROOT_CLASS = YES_ERROR;
				CLANG_WARN_QUOTED_INCLUDE_IN_FRAMEWORK_HEADER = YES;
				CLANG_WARN_RANGE_LOOP_ANALYSIS = YES;
				CLANG_WARN_STRICT_PROTOTYPES = YES;
				CLANG_WARN_SUSPICIOUS_MOVE = YES;
				CLANG_WARN_UNGUARDED_AVAILABILITY = YES_AGGRESSIVE;
				CLANG_WARN_UNREACHABLE_CODE = YES;
				CLANG_WARN__DUPLICATE_METHOD_MATCH = YES;
				COPY_PHASE_STRIP = NO;
				DEBUG_INFORMATION_FORMAT = dwarf;
				ENABLE_STRICT_OBJC_MSGSEND = YES;
				ENABLE_TESTABILITY = YES;
				GCC_C_LANGUAGE_STANDARD = gnu11;
				GCC_DYNAMIC_NO_PIC = NO;
				GCC_NO_COMMON_BLOCKS = YES;
				GCC_OPTIMIZATION_LEVEL = 0;
				GCC_PREPROCESSOR_DEFINITIONS = (
					"DEBUG=1",
					"$(inherited)",
				);
				GCC_WARN_64_TO_32_BIT_CONVERSION = YES;
				GCC_WARN_ABOUT_RETURN_TYPE = YES_ERROR;
				GCC_WARN_UNDECLARED_SELECTOR = YES;
				GCC_WARN_UNINITIALIZED_AUTOS = YES_AGGRESSIVE;
				GCC_WARN_UNUSED_FUNCTION = YES;
				GCC_WARN_UNUSED_VARIABLE = YES;
				IPHONEOS_DEPLOYMENT_TARGET = 16.0;
				MTL_ENABLE_DEBUG_INFO = INCLUDE_SOURCE;
				MTL_FAST_MATH = YES;
				ONLY_ACTIVE_ARCH = YES;
				SDKROOT = iphoneos;
				SWIFT_ACTIVE_COMPILATION_CONDITIONS = DEBUG;
				SWIFT_OPTIMIZATION_LEVEL = "-Onone";
			};
			name = Debug;
		};
		DCF41CB629E0AB3400D3264F /* Release */ = {
			isa = XCBuildConfiguration;
			buildSettings = {
				ALWAYS_SEARCH_USER_PATHS = NO;
				CLANG_ANALYZER_NONNULL = YES;
				CLANG_ANALYZER_NUMBER_OBJECT_CONVERSION = YES_AGGRESSIVE;
				CLANG_CXX_LANGUAGE_STANDARD = "gnu++20";
				CLANG_ENABLE_MODULES = YES;
				CLANG_ENABLE_OBJC_ARC = YES;
				CLANG_ENABLE_OBJC_WEAK = YES;
				CLANG_WARN_BLOCK_CAPTURE_AUTORELEASING = YES;
				CLANG_WARN_BOOL_CONVERSION = YES;
				CLANG_WARN_COMMA = YES;
				CLANG_WARN_CONSTANT_CONVERSION = YES;
				CLANG_WARN_DEPRECATED_OBJC_IMPLEMENTATIONS = YES;
				CLANG_WARN_DIRECT_OBJC_ISA_USAGE = YES_ERROR;
				CLANG_WARN_DOCUMENTATION_COMMENTS = YES;
				CLANG_WARN_EMPTY_BODY = YES;
				CLANG_WARN_ENUM_CONVERSION = YES;
				CLANG_WARN_INFINITE_RECURSION = YES;
				CLANG_WARN_INT_CONVERSION = YES;
				CLANG_WARN_NON_LITERAL_NULL_CONVERSION = YES;
				CLANG_WARN_OBJC_IMPLICIT_RETAIN_SELF = YES;
				CLANG_WARN_OBJC_LITERAL_CONVERSION = YES;
				CLANG_WARN_OBJC_ROOT_CLASS = YES_ERROR;
				CLANG_WARN_QUOTED_INCLUDE_IN_FRAMEWORK_HEADER = YES;
				CLANG_WARN_RANGE_LOOP_ANALYSIS = YES;
				CLANG_WARN_STRICT_PROTOTYPES = YES;
				CLANG_WARN_SUSPICIOUS_MOVE = YES;
				CLANG_WARN_UNGUARDED_AVAILABILITY = YES_AGGRESSIVE;
				CLANG_WARN_UNREACHABLE_CODE = YES;
				CLANG_WARN__DUPLICATE_METHOD_MATCH = YES;
				COPY_PHASE_STRIP = NO;
				DEBUG_INFORMATION_FORMAT = "dwarf-with-dsym";
				ENABLE_NS_ASSERTIONS = NO;
				ENABLE_STRICT_OBJC_MSGSEND = YES;
				GCC_C_LANGUAGE_STANDARD = gnu11;
				GCC_NO_COMMON_BLOCKS = YES;
				GCC_WARN_64_TO_32_BIT_CONVERSION = YES;
				GCC_WARN_ABOUT_RETURN_TYPE = YES_ERROR;
				GCC_WARN_UNDECLARED_SELECTOR = YES;
				GCC_WARN_UNINITIALIZED_AUTOS = YES_AGGRESSIVE;
				GCC_WARN_UNUSED_FUNCTION = YES;
				GCC_WARN_UNUSED_VARIABLE = YES;
				IPHONEOS_DEPLOYMENT_TARGET = 16.0;
				MTL_ENABLE_DEBUG_INFO = NO;
				MTL_FAST_MATH = YES;
				SDKROOT = iphoneos;
				SWIFT_COMPILATION_MODE = wholemodule;
				SWIFT_OPTIMIZATION_LEVEL = "-O";
				VALIDATE_PRODUCT = YES;
			};
			name = Release;
		};
		DCF41CB829E0AB3400D3264F /* Debug */ = {
			isa = XCBuildConfiguration;
			buildSettings = {
				ASSETCATALOG_COMPILER_APPICON_NAME = AppIcon;
				ASSETCATALOG_COMPILER_GLOBAL_ACCENT_COLOR_NAME = AccentColor;
				CODE_SIGN_STYLE = Automatic;
				CURRENT_PROJECT_VERSION = 1;
				DEVELOPMENT_ASSET_PATHS = "\"Autoscout24-Task/Preview Content\"";
				ENABLE_PREVIEWS = YES;
				GENERATE_INFOPLIST_FILE = YES;
				INFOPLIST_FILE = "Autoscout24-Task/Info.plist";
				INFOPLIST_KEY_UIApplicationSceneManifest_Generation = YES;
				INFOPLIST_KEY_UIApplicationSupportsIndirectInputEvents = YES;
				INFOPLIST_KEY_UILaunchScreen_Generation = YES;
				INFOPLIST_KEY_UISupportedInterfaceOrientations_iPad = "UIInterfaceOrientationPortrait UIInterfaceOrientationPortraitUpsideDown UIInterfaceOrientationLandscapeLeft UIInterfaceOrientationLandscapeRight";
				INFOPLIST_KEY_UISupportedInterfaceOrientations_iPhone = "UIInterfaceOrientationPortrait UIInterfaceOrientationLandscapeLeft UIInterfaceOrientationLandscapeRight";
				IPHONEOS_DEPLOYMENT_TARGET = 15.0;
				LD_RUNPATH_SEARCH_PATHS = (
					"$(inherited)",
					"@executable_path/Frameworks",
				);
				MARKETING_VERSION = 1.0.0;
				PRODUCT_BUNDLE_IDENTIFIER = "com.mobile.dev.banking-wallet2-pipeline-app.Autoscout24-Task";
				PRODUCT_NAME = "$(TARGET_NAME)";
				SWIFT_EMIT_LOC_STRINGS = YES;
				SWIFT_VERSION = 5.0;
				TARGETED_DEVICE_FAMILY = "1,2";
			};
			name = Debug;
		};
		DCF41CB929E0AB3400D3264F /* Release */ = {
			isa = XCBuildConfiguration;
			buildSettings = {
				ASSETCATALOG_COMPILER_APPICON_NAME = AppIcon;
				ASSETCATALOG_COMPILER_GLOBAL_ACCENT_COLOR_NAME = AccentColor;
				CODE_SIGN_STYLE = Automatic;
				CURRENT_PROJECT_VERSION = 1;
				DEVELOPMENT_ASSET_PATHS = "\"Autoscout24-Task/Preview Content\"";
				ENABLE_PREVIEWS = YES;
				GENERATE_INFOPLIST_FILE = YES;
				INFOPLIST_FILE = "Autoscout24-Task/Info.plist";
				INFOPLIST_KEY_UIApplicationSceneManifest_Generation = YES;
				INFOPLIST_KEY_UIApplicationSupportsIndirectInputEvents = YES;
				INFOPLIST_KEY_UILaunchScreen_Generation = YES;
				INFOPLIST_KEY_UISupportedInterfaceOrientations_iPad = "UIInterfaceOrientationPortrait UIInterfaceOrientationPortraitUpsideDown UIInterfaceOrientationLandscapeLeft UIInterfaceOrientationLandscapeRight";
				INFOPLIST_KEY_UISupportedInterfaceOrientations_iPhone = "UIInterfaceOrientationPortrait UIInterfaceOrientationLandscapeLeft UIInterfaceOrientationLandscapeRight";
				IPHONEOS_DEPLOYMENT_TARGET = 15.0;
				LD_RUNPATH_SEARCH_PATHS = (
					"$(inherited)",
					"@executable_path/Frameworks",
				);
				MARKETING_VERSION = 1.0.0;
				PRODUCT_BUNDLE_IDENTIFIER = "com.mobile.dev.banking-wallet2-pipeline-app.Autoscout24-Task";
				PRODUCT_NAME = "$(TARGET_NAME)";
				SWIFT_EMIT_LOC_STRINGS = YES;
				SWIFT_VERSION = 5.0;
				TARGETED_DEVICE_FAMILY = "1,2";
			};
			name = Release;
		};
/* End XCBuildConfiguration section */

/* Begin XCConfigurationList section */
		DCF41CA429E0AB3300D3264F /* Build configuration list for PBXProject "Autoscout24-Task" */ = {
			isa = XCConfigurationList;
			buildConfigurations = (
				DCF41CB529E0AB3400D3264F /* Debug */,
				DCF41CB629E0AB3400D3264F /* Release */,
			);
			defaultConfigurationIsVisible = 0;
			defaultConfigurationName = Release;
		};
		DCF41CB729E0AB3400D3264F /* Build configuration list for PBXNativeTarget "Autoscout24-Task" */ = {
			isa = XCConfigurationList;
			buildConfigurations = (
				DCF41CB829E0AB3400D3264F /* Debug */,
				DCF41CB929E0AB3400D3264F /* Release */,
			);
			defaultConfigurationIsVisible = 0;
			defaultConfigurationName = Release;
		};
/* End XCConfigurationList section */
	};
	rootObject = DCF41CA129E0AB3300D3264F /* Project object */;
}
